
Microsoft Visual Studio Solution File, Format Version 12.00
# Visual Studio Version 17
VisualStudioVersion = 17.10.34916.146
MinimumVisualStudioVersion = 10.0.40219.1
Project("{FAE04EC0-301F-11D3-BF4B-00C04F79EFBC}") = "CraftingProjects.Server", "CraftingProjects.Server\CraftingProjects.Server.csproj", "{8D8FA25E-9894-4156-B10A-0AD45E1C8EDA}"
EndProject
Project("{54A90642-561A-4BB1-A94E-469ADEE60C69}") = "craftingprojects.client", "craftingprojects.client\craftingprojects.client.esproj", "{94345B46-AA63-4ABB-9303-BF40A762B28D}"
EndProject
Global
	GlobalSection(SolutionConfigurationPlatforms) = preSolution
		Debug|Any CPU = Debug|Any CPU
		Release|Any CPU = Release|Any CPU
	EndGlobalSection
	GlobalSection(ProjectConfigurationPlatforms) = postSolution
		{8D8FA25E-9894-4156-B10A-0AD45E1C8EDA}.Debug|Any CPU.ActiveCfg = Debug|Any CPU
		{8D8FA25E-9894-4156-B10A-0AD45E1C8EDA}.Debug|Any CPU.Build.0 = Debug|Any CPU
		{8D8FA25E-9894-4156-B10A-0AD45E1C8EDA}.Release|Any CPU.ActiveCfg = Release|Any CPU
		{8D8FA25E-9894-4156-B10A-0AD45E1C8EDA}.Release|Any CPU.Build.0 = Release|Any CPU
		{94345B46-AA63-4ABB-9303-BF40A762B28D}.Debug|Any CPU.ActiveCfg = Debug|Any CPU
		{94345B46-AA63-4ABB-9303-BF40A762B28D}.Debug|Any CPU.Build.0 = Debug|Any CPU
		{94345B46-AA63-4ABB-9303-BF40A762B28D}.Debug|Any CPU.Deploy.0 = Debug|Any CPU
		{94345B46-AA63-4ABB-9303-BF40A762B28D}.Release|Any CPU.ActiveCfg = Release|Any CPU
		{94345B46-AA63-4ABB-9303-BF40A762B28D}.Release|Any CPU.Build.0 = Release|Any CPU
		{94345B46-AA63-4ABB-9303-BF40A762B28D}.Release|Any CPU.Deploy.0 = Release|Any CPU
	EndGlobalSection
	GlobalSection(SolutionProperties) = preSolution
		HideSolutionNode = FALSE
	EndGlobalSection
	GlobalSection(ExtensibilityGlobals) = postSolution
		SolutionGuid = {3EE570BC-2DC9-4BFF-9A0E-AE7065C57C75}
	EndGlobalSection
EndGlobal
